
Microsoft Visual Studio Solution File, Format Version 12.00
Project("{FAE04EC0-301F-11D3-BF4B-00C04F79EFBC}") = "Sparky", "Sparky\Sparky.csproj", "{7CB851F5-E4B7-4693-9E41-59BFD5CA5758}"
EndProject
Project("{FAE04EC0-301F-11D3-BF4B-00C04F79EFBC}") = "SparkyMSTest", "SparkyMSTest\SparkyMSTest.csproj", "{471C1319-4208-4C9B-A391-8D52D7A1B861}"
EndProject
Project("{FAE04EC0-301F-11D3-BF4B-00C04F79EFBC}") = "SparkyNUnitTest", "SparkyNUnitTest\SparkyNUnitTest.csproj", "{4841E6ED-F141-438D-BA33-6C528839D4D0}"
EndProject
Global
	GlobalSection(SolutionConfigurationPlatforms) = preSolution
		Debug|Any CPU = Debug|Any CPU
		Release|Any CPU = Release|Any CPU
	EndGlobalSection
	GlobalSection(ProjectConfigurationPlatforms) = postSolution
		{7CB851F5-E4B7-4693-9E41-59BFD5CA5758}.Debug|Any CPU.ActiveCfg = Debug|Any CPU
		{7CB851F5-E4B7-4693-9E41-59BFD5CA5758}.Debug|Any CPU.Build.0 = Debug|Any CPU
		{7CB851F5-E4B7-4693-9E41-59BFD5CA5758}.Release|Any CPU.ActiveCfg = Release|Any CPU
		{7CB851F5-E4B7-4693-9E41-59BFD5CA5758}.Release|Any CPU.Build.0 = Release|Any CPU
		{471C1319-4208-4C9B-A391-8D52D7A1B861}.Debug|Any CPU.ActiveCfg = Debug|Any CPU
		{471C1319-4208-4C9B-A391-8D52D7A1B861}.Debug|Any CPU.Build.0 = Debug|Any CPU
		{471C1319-4208-4C9B-A391-8D52D7A1B861}.Release|Any CPU.ActiveCfg = Release|Any CPU
		{471C1319-4208-4C9B-A391-8D52D7A1B861}.Release|Any CPU.Build.0 = Release|Any CPU
		{4841E6ED-F141-438D-BA33-6C528839D4D0}.Debug|Any CPU.ActiveCfg = Debug|Any CPU
		{4841E6ED-F141-438D-BA33-6C528839D4D0}.Debug|Any CPU.Build.0 = Debug|Any CPU
		{4841E6ED-F141-438D-BA33-6C528839D4D0}.Release|Any CPU.ActiveCfg = Release|Any CPU
		{4841E6ED-F141-438D-BA33-6C528839D4D0}.Release|Any CPU.Build.0 = Release|Any CPU
	EndGlobalSection
EndGlobal
